
Microsoft Visual Studio Solution File, Format Version 12.00
# Visual Studio Version 16
VisualStudioVersion = 16.0.29806.167
MinimumVisualStudioVersion = 10.0.40219.1
Project("{FAE04EC0-301F-11D3-BF4B-00C04F79EFBC}") = "EntityDataFramework.Core", "EntityDataFramework\EntityDataFramework.Core.csproj", "{D5655C51-4FD1-40C6-AB53-383B6D2316C7}"
EndProject
Project("{FAE04EC0-301F-11D3-BF4B-00C04F79EFBC}") = "EntityDataFramework.MSSQL", "EntityDataFramework.MSSQL\EntityDataFramework.MSSQL.csproj", "{95EDF227-EF4C-4298-A7DF-91A9D5BA053D}"
EndProject
Global
	GlobalSection(SolutionConfigurationPlatforms) = preSolution
		Debug|Any CPU = Debug|Any CPU
		Release|Any CPU = Release|Any CPU
	EndGlobalSection
	GlobalSection(ProjectConfigurationPlatforms) = postSolution
		{D5655C51-4FD1-40C6-AB53-383B6D2316C7}.Debug|Any CPU.ActiveCfg = Debug|Any CPU
		{D5655C51-4FD1-40C6-AB53-383B6D2316C7}.Debug|Any CPU.Build.0 = Debug|Any CPU
		{D5655C51-4FD1-40C6-AB53-383B6D2316C7}.Release|Any CPU.ActiveCfg = Release|Any CPU
		{D5655C51-4FD1-40C6-AB53-383B6D2316C7}.Release|Any CPU.Build.0 = Release|Any CPU
		{95EDF227-EF4C-4298-A7DF-91A9D5BA053D}.Debug|Any CPU.ActiveCfg = Debug|Any CPU
		{95EDF227-EF4C-4298-A7DF-91A9D5BA053D}.Debug|Any CPU.Build.0 = Debug|Any CPU
		{95EDF227-EF4C-4298-A7DF-91A9D5BA053D}.Release|Any CPU.ActiveCfg = Release|Any CPU
		{95EDF227-EF4C-4298-A7DF-91A9D5BA053D}.Release|Any CPU.Build.0 = Release|Any CPU
	EndGlobalSection
	GlobalSection(SolutionProperties) = preSolution
		HideSolutionNode = FALSE
	EndGlobalSection
	GlobalSection(ExtensibilityGlobals) = postSolution
		SolutionGuid = {BF45EE8E-32E9-440E-B79D-AA43C9110ADB}
	EndGlobalSection
EndGlobal
